
Microsoft Visual Studio Solution File, Format Version 12.00
# Visual Studio Version 16
VisualStudioVersion = 16.0.31129.286
MinimumVisualStudioVersion = 10.0.40219.1
Project("{FAE04EC0-301F-11D3-BF4B-00C04F79EFBC}") = "TestZFinger", "Test\TestZFinger.csproj", "{1142880A-DEA3-4DD9-B2AD-77371CBD8E27}"
EndProject
Project("{FAE04EC0-301F-11D3-BF4B-00C04F79EFBC}") = "ZFinger", "ZFinger\ZFinger.csproj", "{DF24EB09-F18E-417C-8E55-4321BCC2D45B}"
EndProject
Global
	GlobalSection(SolutionConfigurationPlatforms) = preSolution
		Debug|Any CPU = Debug|Any CPU
		Release|Any CPU = Release|Any CPU
	EndGlobalSection
	GlobalSection(ProjectConfigurationPlatforms) = postSolution
		{1142880A-DEA3-4DD9-B2AD-77371CBD8E27}.Debug|Any CPU.ActiveCfg = Debug|Any CPU
		{1142880A-DEA3-4DD9-B2AD-77371CBD8E27}.Debug|Any CPU.Build.0 = Debug|Any CPU
		{1142880A-DEA3-4DD9-B2AD-77371CBD8E27}.Release|Any CPU.ActiveCfg = Release|Any CPU
		{1142880A-DEA3-4DD9-B2AD-77371CBD8E27}.Release|Any CPU.Build.0 = Release|Any CPU
		{DF24EB09-F18E-417C-8E55-4321BCC2D45B}.Debug|Any CPU.ActiveCfg = Debug|Any CPU
		{DF24EB09-F18E-417C-8E55-4321BCC2D45B}.Debug|Any CPU.Build.0 = Debug|Any CPU
		{DF24EB09-F18E-417C-8E55-4321BCC2D45B}.Release|Any CPU.ActiveCfg = Release|Any CPU
		{DF24EB09-F18E-417C-8E55-4321BCC2D45B}.Release|Any CPU.Build.0 = Release|Any CPU
	EndGlobalSection
	GlobalSection(SolutionProperties) = preSolution
		HideSolutionNode = FALSE
	EndGlobalSection
	GlobalSection(ExtensibilityGlobals) = postSolution
		SolutionGuid = {09DB0E3B-35D1-4E76-861C-A283882D57E9}
	EndGlobalSection
EndGlobal
